
Microsoft Visual Studio Solution File, Format Version 12.00
# Visual Studio Version 16
VisualStudioVersion = 16.0.30204.135
MinimumVisualStudioVersion = 10.0.40219.1
Project("{8BC9CEB8-8B4A-11D0-8D11-00A0C91BC942}") = "LandmarksFromVideo", "LandmarksFromVideo\LandmarksFromVideo.vcxproj", "{13BEAD26-7F58-4D84-ACAD-3E819E7F535D}"
EndProject
Project("{8BC9CEB8-8B4A-11D0-8D11-00A0C91BC942}") = "ChangeVideoResolution", "ChangeVideoResolution\ChangeVideoResolution.vcxproj", "{B1441564-BF71-4C20-8DA5-E107265EF989}"
EndProject
Project("{8BC9CEB8-8B4A-11D0-8D11-00A0C91BC942}") = "FacialDetection", "FacialDetection\FacialDetection.vcxproj", "{39FA00A0-044A-4951-A3F7-0CA503C4EDA4}"
EndProject
Project("{8BC9CEB8-8B4A-11D0-8D11-00A0C91BC942}") = "Best3DModels", "Best3DModels\Best3DModels.vcxproj", "{B6E47426-E14D-46DB-A497-A82A3B926C4C}"
EndProject
Global
	GlobalSection(SolutionConfigurationPlatforms) = preSolution
		Debug|x64 = Debug|x64
		Debug|x86 = Debug|x86
		Release|x64 = Release|x64
		Release|x86 = Release|x86
	EndGlobalSection
	GlobalSection(ProjectConfigurationPlatforms) = postSolution
		{13BEAD26-7F58-4D84-ACAD-3E819E7F535D}.Debug|x64.ActiveCfg = Debug|x64
		{13BEAD26-7F58-4D84-ACAD-3E819E7F535D}.Debug|x64.Build.0 = Debug|x64
		{13BEAD26-7F58-4D84-ACAD-3E819E7F535D}.Debug|x86.ActiveCfg = Debug|Win32
		{13BEAD26-7F58-4D84-ACAD-3E819E7F535D}.Debug|x86.Build.0 = Debug|Win32
		{13BEAD26-7F58-4D84-ACAD-3E819E7F535D}.Release|x64.ActiveCfg = Release|x64
		{13BEAD26-7F58-4D84-ACAD-3E819E7F535D}.Release|x64.Build.0 = Release|x64
		{13BEAD26-7F58-4D84-ACAD-3E819E7F535D}.Release|x86.ActiveCfg = Release|Win32
		{13BEAD26-7F58-4D84-ACAD-3E819E7F535D}.Release|x86.Build.0 = Release|Win32
		{B1441564-BF71-4C20-8DA5-E107265EF989}.Debug|x64.ActiveCfg = Debug|x64
		{B1441564-BF71-4C20-8DA5-E107265EF989}.Debug|x64.Build.0 = Debug|x64
		{B1441564-BF71-4C20-8DA5-E107265EF989}.Debug|x86.ActiveCfg = Debug|Win32
		{B1441564-BF71-4C20-8DA5-E107265EF989}.Debug|x86.Build.0 = Debug|Win32
		{B1441564-BF71-4C20-8DA5-E107265EF989}.Release|x64.ActiveCfg = Release|x64
		{B1441564-BF71-4C20-8DA5-E107265EF989}.Release|x64.Build.0 = Release|x64
		{B1441564-BF71-4C20-8DA5-E107265EF989}.Release|x86.ActiveCfg = Release|Win32
		{B1441564-BF71-4C20-8DA5-E107265EF989}.Release|x86.Build.0 = Release|Win32
		{39FA00A0-044A-4951-A3F7-0CA503C4EDA4}.Debug|x64.ActiveCfg = Debug|x64
		{39FA00A0-044A-4951-A3F7-0CA503C4EDA4}.Debug|x64.Build.0 = Debug|x64
		{39FA00A0-044A-4951-A3F7-0CA503C4EDA4}.Debug|x86.ActiveCfg = Debug|Win32
		{39FA00A0-044A-4951-A3F7-0CA503C4EDA4}.Debug|x86.Build.0 = Debug|Win32
		{39FA00A0-044A-4951-A3F7-0CA503C4EDA4}.Release|x64.ActiveCfg = Release|x64
		{39FA00A0-044A-4951-A3F7-0CA503C4EDA4}.Release|x64.Build.0 = Release|x64
		{39FA00A0-044A-4951-A3F7-0CA503C4EDA4}.Release|x86.ActiveCfg = Release|Win32
		{39FA00A0-044A-4951-A3F7-0CA503C4EDA4}.Release|x86.Build.0 = Release|Win32
		{B6E47426-E14D-46DB-A497-A82A3B926C4C}.Debug|x64.ActiveCfg = Debug|x64
		{B6E47426-E14D-46DB-A497-A82A3B926C4C}.Debug|x64.Build.0 = Debug|x64
		{B6E47426-E14D-46DB-A497-A82A3B926C4C}.Debug|x86.ActiveCfg = Debug|Win32
		{B6E47426-E14D-46DB-A497-A82A3B926C4C}.Debug|x86.Build.0 = Debug|Win32
		{B6E47426-E14D-46DB-A497-A82A3B926C4C}.Release|x64.ActiveCfg = Release|x64
		{B6E47426-E14D-46DB-A497-A82A3B926C4C}.Release|x64.Build.0 = Release|x64
		{B6E47426-E14D-46DB-A497-A82A3B926C4C}.Release|x86.ActiveCfg = Release|Win32
		{B6E47426-E14D-46DB-A497-A82A3B926C4C}.Release|x86.Build.0 = Release|Win32
	EndGlobalSection
	GlobalSection(SolutionProperties) = preSolution
		HideSolutionNode = FALSE
	EndGlobalSection
	GlobalSection(ExtensibilityGlobals) = postSolution
		SolutionGuid = {7BF64D01-1E14-4C6F-B010-8B344D4CF619}
	EndGlobalSection
EndGlobal
